
Microsoft Visual Studio Solution File, Format Version 12.00
# Visual Studio Version 17
VisualStudioVersion = 17.7.34202.233
MinimumVisualStudioVersion = 10.0.40219.1
Project("{9A19103F-16F7-4668-BE54-9A1E7A4F7556}") = "AdventOfCode2021", "AdventOfCode2021\AdventOfCode2021.csproj", "{8D1F9318-DC11-4578-8816-4C011F55A148}"
EndProject
Project("{9A19103F-16F7-4668-BE54-9A1E7A4F7556}") = "AdventOfCode2020", "AdventOfCode2020\AdventOfCode2020.csproj", "{32E83997-3C54-47E3-B84E-1E75A8BBF547}"
EndProject
Project("{9A19103F-16F7-4668-BE54-9A1E7A4F7556}") = "Utilities", "Utilities\Utilities.csproj", "{A49E4ED0-820F-4DCE-A22C-AC31E131B5C4}"
EndProject
Project("{9A19103F-16F7-4668-BE54-9A1E7A4F7556}") = "Templates", "Templates\Templates.csproj", "{01EA4651-00CE-4671-9072-8B9696691639}"
EndProject
Project("{9A19103F-16F7-4668-BE54-9A1E7A4F7556}") = "AdventOfCode2018", "AdventOfCode2018\AdventOfCode2018.csproj", "{18B9E53B-472A-42E1-AC7D-7B99F3D0CB25}"
EndProject
Project("{9A19103F-16F7-4668-BE54-9A1E7A4F7556}") = "AdventOfCode2022", "AdventOfCode2022\AdventOfCode2022.csproj", "{EF104383-7374-4632-8E63-F18531DDFC7C}"
EndProject
Project("{9A19103F-16F7-4668-BE54-9A1E7A4F7556}") = "AdventOfCode2019", "AdventOfCode2019\AdventOfCode2019.csproj", "{E5C86C28-B0FB-4CB1-A762-26F91BAB087E}"
EndProject
Project("{FAE04EC0-301F-11D3-BF4B-00C04F79EFBC}") = "UnitTests", "UnitTests\UnitTests.csproj", "{49D51FEE-884E-4104-B3C8-688C5A2450EF}"
EndProject
Project("{FAE04EC0-301F-11D3-BF4B-00C04F79EFBC}") = "AdventOfCode2023", "AdventOfCode2023\AdventOfCode2023.csproj", "{6FF8E06D-4819-42CC-A1DD-A82654CABDBF}"
EndProject
Global
	GlobalSection(SolutionConfigurationPlatforms) = preSolution
		Debug|Any CPU = Debug|Any CPU
		Release|Any CPU = Release|Any CPU
	EndGlobalSection
	GlobalSection(ProjectConfigurationPlatforms) = postSolution
		{8D1F9318-DC11-4578-8816-4C011F55A148}.Debug|Any CPU.ActiveCfg = Debug|Any CPU
		{8D1F9318-DC11-4578-8816-4C011F55A148}.Debug|Any CPU.Build.0 = Debug|Any CPU
		{8D1F9318-DC11-4578-8816-4C011F55A148}.Release|Any CPU.ActiveCfg = Release|Any CPU
		{8D1F9318-DC11-4578-8816-4C011F55A148}.Release|Any CPU.Build.0 = Release|Any CPU
		{32E83997-3C54-47E3-B84E-1E75A8BBF547}.Debug|Any CPU.ActiveCfg = Debug|Any CPU
		{32E83997-3C54-47E3-B84E-1E75A8BBF547}.Debug|Any CPU.Build.0 = Debug|Any CPU
		{32E83997-3C54-47E3-B84E-1E75A8BBF547}.Release|Any CPU.ActiveCfg = Release|Any CPU
		{32E83997-3C54-47E3-B84E-1E75A8BBF547}.Release|Any CPU.Build.0 = Release|Any CPU
		{A49E4ED0-820F-4DCE-A22C-AC31E131B5C4}.Debug|Any CPU.ActiveCfg = Debug|Any CPU
		{A49E4ED0-820F-4DCE-A22C-AC31E131B5C4}.Debug|Any CPU.Build.0 = Debug|Any CPU
		{A49E4ED0-820F-4DCE-A22C-AC31E131B5C4}.Release|Any CPU.ActiveCfg = Release|Any CPU
		{A49E4ED0-820F-4DCE-A22C-AC31E131B5C4}.Release|Any CPU.Build.0 = Release|Any CPU
		{01EA4651-00CE-4671-9072-8B9696691639}.Debug|Any CPU.ActiveCfg = Debug|Any CPU
		{01EA4651-00CE-4671-9072-8B9696691639}.Debug|Any CPU.Build.0 = Debug|Any CPU
		{01EA4651-00CE-4671-9072-8B9696691639}.Release|Any CPU.ActiveCfg = Release|Any CPU
		{01EA4651-00CE-4671-9072-8B9696691639}.Release|Any CPU.Build.0 = Release|Any CPU
		{18B9E53B-472A-42E1-AC7D-7B99F3D0CB25}.Debug|Any CPU.ActiveCfg = Debug|Any CPU
		{18B9E53B-472A-42E1-AC7D-7B99F3D0CB25}.Debug|Any CPU.Build.0 = Debug|Any CPU
		{18B9E53B-472A-42E1-AC7D-7B99F3D0CB25}.Release|Any CPU.ActiveCfg = Release|Any CPU
		{18B9E53B-472A-42E1-AC7D-7B99F3D0CB25}.Release|Any CPU.Build.0 = Release|Any CPU
		{EF104383-7374-4632-8E63-F18531DDFC7C}.Debug|Any CPU.ActiveCfg = Debug|Any CPU
		{EF104383-7374-4632-8E63-F18531DDFC7C}.Debug|Any CPU.Build.0 = Debug|Any CPU
		{EF104383-7374-4632-8E63-F18531DDFC7C}.Release|Any CPU.ActiveCfg = Release|Any CPU
		{EF104383-7374-4632-8E63-F18531DDFC7C}.Release|Any CPU.Build.0 = Release|Any CPU
		{E5C86C28-B0FB-4CB1-A762-26F91BAB087E}.Debug|Any CPU.ActiveCfg = Debug|Any CPU
		{E5C86C28-B0FB-4CB1-A762-26F91BAB087E}.Debug|Any CPU.Build.0 = Debug|Any CPU
		{E5C86C28-B0FB-4CB1-A762-26F91BAB087E}.Release|Any CPU.ActiveCfg = Release|Any CPU
		{E5C86C28-B0FB-4CB1-A762-26F91BAB087E}.Release|Any CPU.Build.0 = Release|Any CPU
		{49D51FEE-884E-4104-B3C8-688C5A2450EF}.Debug|Any CPU.ActiveCfg = Debug|Any CPU
		{49D51FEE-884E-4104-B3C8-688C5A2450EF}.Debug|Any CPU.Build.0 = Debug|Any CPU
		{49D51FEE-884E-4104-B3C8-688C5A2450EF}.Release|Any CPU.ActiveCfg = Release|Any CPU
		{49D51FEE-884E-4104-B3C8-688C5A2450EF}.Release|Any CPU.Build.0 = Release|Any CPU
		{6FF8E06D-4819-42CC-A1DD-A82654CABDBF}.Debug|Any CPU.ActiveCfg = Debug|Any CPU
		{6FF8E06D-4819-42CC-A1DD-A82654CABDBF}.Debug|Any CPU.Build.0 = Debug|Any CPU
		{6FF8E06D-4819-42CC-A1DD-A82654CABDBF}.Release|Any CPU.ActiveCfg = Release|Any CPU
		{6FF8E06D-4819-42CC-A1DD-A82654CABDBF}.Release|Any CPU.Build.0 = Release|Any CPU
	EndGlobalSection
	GlobalSection(SolutionProperties) = preSolution
		HideSolutionNode = FALSE
	EndGlobalSection
	GlobalSection(ExtensibilityGlobals) = postSolution
		SolutionGuid = {04695E78-B420-4C59-8245-BCF1E43CC355}
	EndGlobalSection
EndGlobal
